// !$*UTF8*$!
{
	archiveVersion = 1;
	classes = {
	};
	objectVersion = 51;
	objects = {

/* Begin PBXBuildFile section */
		250DB658668A1FF85D52487D /* Pods_JSONPlaceHolderAppTests.framework in Frameworks */ = {isa = PBXBuildFile; fileRef = 79D10C5E4E3C50B04909D9B5 /* Pods_JSONPlaceHolderAppTests.framework */; };
		2C4D2AA025DC7923007D499F /* LocalPostRepository.swift in Sources */ = {isa = PBXBuildFile; fileRef = 2C4D2A9F25DC7923007D499F /* LocalPostRepository.swift */; };
		2C4D2AAD25DC7AE2007D499F /* CommentCollectionViewCell.swift in Sources */ = {isa = PBXBuildFile; fileRef = 2C4D2AAB25DC7AE2007D499F /* CommentCollectionViewCell.swift */; };
		2C4D2AAE25DC7AE2007D499F /* CommentCollectionViewCell.xib in Resources */ = {isa = PBXBuildFile; fileRef = 2C4D2AAC25DC7AE2007D499F /* CommentCollectionViewCell.xib */; };
		2C85CFA325DB369C008D4F0C /* APICommentRepository.swift in Sources */ = {isa = PBXBuildFile; fileRef = 2C85CFA225DB369C008D4F0C /* APICommentRepository.swift */; };
		2C85CFA825DB36B7008D4F0C /* CommentRepository.swift in Sources */ = {isa = PBXBuildFile; fileRef = 2C85CFA725DB36B7008D4F0C /* CommentRepository.swift */; };
		2C85CFB625DB39F9008D4F0C /* PostDetailsPresenter.swift in Sources */ = {isa = PBXBuildFile; fileRef = 2C85CFB025DB39F9008D4F0C /* PostDetailsPresenter.swift */; };
		2C85CFB725DB39F9008D4F0C /* PostDetailsWorker.swift in Sources */ = {isa = PBXBuildFile; fileRef = 2C85CFB125DB39F9008D4F0C /* PostDetailsWorker.swift */; };
		2C85CFB825DB39F9008D4F0C /* PostDetailsRouter.swift in Sources */ = {isa = PBXBuildFile; fileRef = 2C85CFB225DB39F9008D4F0C /* PostDetailsRouter.swift */; };
		2C85CFB925DB39F9008D4F0C /* PostDetailsModels.swift in Sources */ = {isa = PBXBuildFile; fileRef = 2C85CFB325DB39F9008D4F0C /* PostDetailsModels.swift */; };
		2C85CFBA25DB39F9008D4F0C /* PostDetailsViewController.swift in Sources */ = {isa = PBXBuildFile; fileRef = 2C85CFB425DB39F9008D4F0C /* PostDetailsViewController.swift */; };
		2C85CFBB25DB39F9008D4F0C /* PostDetailsInteractor.swift in Sources */ = {isa = PBXBuildFile; fileRef = 2C85CFB525DB39F9008D4F0C /* PostDetailsInteractor.swift */; };
		2C85CFC025DB3A9D008D4F0C /* Constants.swift in Sources */ = {isa = PBXBuildFile; fileRef = 2C85CFBF25DB3A9D008D4F0C /* Constants.swift */; };
		2C85CFC625DB3B08008D4F0C /* PostDetailsStoryboard.storyboard in Resources */ = {isa = PBXBuildFile; fileRef = 2C85CFC525DB3B08008D4F0C /* PostDetailsStoryboard.storyboard */; };
		2CD0CDAA25DADDC900FCE33F /* AppDelegate.swift in Sources */ = {isa = PBXBuildFile; fileRef = 2CD0CDA925DADDC900FCE33F /* AppDelegate.swift */; };
		2CD0CDAC25DADDC900FCE33F /* SceneDelegate.swift in Sources */ = {isa = PBXBuildFile; fileRef = 2CD0CDAB25DADDC900FCE33F /* SceneDelegate.swift */; };
		2CD0CDB325DADDCA00FCE33F /* Assets.xcassets in Resources */ = {isa = PBXBuildFile; fileRef = 2CD0CDB225DADDCA00FCE33F /* Assets.xcassets */; };
		2CD0CDB625DADDCA00FCE33F /* LaunchScreen.storyboard in Resources */ = {isa = PBXBuildFile; fileRef = 2CD0CDB425DADDCA00FCE33F /* LaunchScreen.storyboard */; };
		2CD0CDC125DADDCA00FCE33F /* JSONPlaceHolderAppTests.swift in Sources */ = {isa = PBXBuildFile; fileRef = 2CD0CDC025DADDCA00FCE33F /* JSONPlaceHolderAppTests.swift */; };
		2CD0CDCC25DADDCA00FCE33F /* JSONPlaceHolderAppUITests.swift in Sources */ = {isa = PBXBuildFile; fileRef = 2CD0CDCB25DADDCA00FCE33F /* JSONPlaceHolderAppUITests.swift */; };
		2CD0CE0325DAE6E400FCE33F /* MainPresenter.swift in Sources */ = {isa = PBXBuildFile; fileRef = 2CD0CDFD25DAE6E400FCE33F /* MainPresenter.swift */; };
		2CD0CE0425DAE6E400FCE33F /* MainWorker.swift in Sources */ = {isa = PBXBuildFile; fileRef = 2CD0CDFE25DAE6E400FCE33F /* MainWorker.swift */; };
		2CD0CE0525DAE6E400FCE33F /* MainRouter.swift in Sources */ = {isa = PBXBuildFile; fileRef = 2CD0CDFF25DAE6E400FCE33F /* MainRouter.swift */; };
		2CD0CE0625DAE6E400FCE33F /* MainModels.swift in Sources */ = {isa = PBXBuildFile; fileRef = 2CD0CE0025DAE6E400FCE33F /* MainModels.swift */; };
		2CD0CE0725DAE6E400FCE33F /* MainViewController.swift in Sources */ = {isa = PBXBuildFile; fileRef = 2CD0CE0125DAE6E400FCE33F /* MainViewController.swift */; };
		2CD0CE0825DAE6E400FCE33F /* MainInteractor.swift in Sources */ = {isa = PBXBuildFile; fileRef = 2CD0CE0225DAE6E400FCE33F /* MainInteractor.swift */; };
		2CD0CE1525DAE71100FCE33F /* MainStoryboard.storyboard in Resources */ = {isa = PBXBuildFile; fileRef = 2CD0CE1425DAE71100FCE33F /* MainStoryboard.storyboard */; };
		2CD0CE1A25DAE81A00FCE33F /* BaseViewController.swift in Sources */ = {isa = PBXBuildFile; fileRef = 2CD0CE1925DAE81A00FCE33F /* BaseViewController.swift */; };
		2CD0CE2425DAEA5800FCE33F /* Localizable.strings in Resources */ = {isa = PBXBuildFile; fileRef = 2CD0CE2325DAEA5800FCE33F /* Localizable.strings */; };
		2CFA5EA525DAED1C0009C915 /* Post.swift in Sources */ = {isa = PBXBuildFile; fileRef = 2CFA5EA425DAED1C0009C915 /* Post.swift */; };
		2CFA5EAA25DAED3B0009C915 /* User.swift in Sources */ = {isa = PBXBuildFile; fileRef = 2CFA5EA925DAED3B0009C915 /* User.swift */; };
		2CFA5EAF25DAED540009C915 /* Comment.swift in Sources */ = {isa = PBXBuildFile; fileRef = 2CFA5EAE25DAED540009C915 /* Comment.swift */; };
		2CFA5EB925DAF0220009C915 /* APIBaseRepository.swift in Sources */ = {isa = PBXBuildFile; fileRef = 2CFA5EB825DAF0220009C915 /* APIBaseRepository.swift */; };
		2CFA5EBE25DAF0BB0009C915 /* PostRepository.swift in Sources */ = {isa = PBXBuildFile; fileRef = 2CFA5EBD25DAF0BB0009C915 /* PostRepository.swift */; };
		2CFA5EC625DAF0F00009C915 /* APIPostRepository.swift in Sources */ = {isa = PBXBuildFile; fileRef = 2CFA5EC525DAF0F00009C915 /* APIPostRepository.swift */; };
		2CFA5ED125DAF4360009C915 /* PostsManager.swift in Sources */ = {isa = PBXBuildFile; fileRef = 2CFA5ED025DAF4360009C915 /* PostsManager.swift */; };
		2CFA5ED825DB1FC30009C915 /* PostTableViewCell.swift in Sources */ = {isa = PBXBuildFile; fileRef = 2CFA5ED625DB1FC30009C915 /* PostTableViewCell.swift */; };
		2CFA5ED925DB1FC30009C915 /* PostTableViewCell.xib in Resources */ = {isa = PBXBuildFile; fileRef = 2CFA5ED725DB1FC30009C915 /* PostTableViewCell.xib */; };
		2CFA5EE525DB27050009C915 /* UserRepository.swift in Sources */ = {isa = PBXBuildFile; fileRef = 2CFA5EE425DB27050009C915 /* UserRepository.swift */; };
		2CFA5EEF25DB272B0009C915 /* APIUserRepository.swift in Sources */ = {isa = PBXBuildFile; fileRef = 2CFA5EEE25DB272B0009C915 /* APIUserRepository.swift */; };
		2CFA5EF425DB27A70009C915 /* UserManager.swift in Sources */ = {isa = PBXBuildFile; fileRef = 2CFA5EF325DB27A70009C915 /* UserManager.swift */; };
		B23B31CA4F2CA3399638E2FA /* Pods_JSONPlaceHolderApp.framework in Frameworks */ = {isa = PBXBuildFile; fileRef = E484FB19342CC8710D45E6B0 /* Pods_JSONPlaceHolderApp.framework */; };
/* End PBXBuildFile section */

/* Begin PBXContainerItemProxy section */
		2CD0CDBD25DADDCA00FCE33F /* PBXContainerItemProxy */ = {
			isa = PBXContainerItemProxy;
			containerPortal = 2CD0CD9E25DADDC900FCE33F /* Project object */;
			proxyType = 1;
			remoteGlobalIDString = 2CD0CDA525DADDC900FCE33F;
			remoteInfo = JSONPlaceHolderApp;
		};
		2CD0CDC825DADDCA00FCE33F /* PBXContainerItemProxy */ = {
			isa = PBXContainerItemProxy;
			containerPortal = 2CD0CD9E25DADDC900FCE33F /* Project object */;
			proxyType = 1;
			remoteGlobalIDString = 2CD0CDA525DADDC900FCE33F;
			remoteInfo = JSONPlaceHolderApp;
		};
/* End PBXContainerItemProxy section */

/* Begin PBXFileReference section */
		2C4D2A9F25DC7923007D499F /* LocalPostRepository.swift */ = {isa = PBXFileReference; fileEncoding = 4; lastKnownFileType = sourcecode.swift; path = LocalPostRepository.swift; sourceTree = "<group>"; };
		2C4D2AAB25DC7AE2007D499F /* CommentCollectionViewCell.swift */ = {isa = PBXFileReference; lastKnownFileType = sourcecode.swift; path = CommentCollectionViewCell.swift; sourceTree = "<group>"; };
		2C4D2AAC25DC7AE2007D499F /* CommentCollectionViewCell.xib */ = {isa = PBXFileReference; lastKnownFileType = file.xib; path = CommentCollectionViewCell.xib; sourceTree = "<group>"; };
		2C85CFA225DB369C008D4F0C /* APICommentRepository.swift */ = {isa = PBXFileReference; lastKnownFileType = sourcecode.swift; path = APICommentRepository.swift; sourceTree = "<group>"; };
		2C85CFA725DB36B7008D4F0C /* CommentRepository.swift */ = {isa = PBXFileReference; lastKnownFileType = sourcecode.swift; path = CommentRepository.swift; sourceTree = "<group>"; };
		2C85CFB025DB39F9008D4F0C /* PostDetailsPresenter.swift */ = {isa = PBXFileReference; lastKnownFileType = sourcecode.swift; path = PostDetailsPresenter.swift; sourceTree = "<group>"; };
		2C85CFB125DB39F9008D4F0C /* PostDetailsWorker.swift */ = {isa = PBXFileReference; lastKnownFileType = sourcecode.swift; path = PostDetailsWorker.swift; sourceTree = "<group>"; };
		2C85CFB225DB39F9008D4F0C /* PostDetailsRouter.swift */ = {isa = PBXFileReference; lastKnownFileType = sourcecode.swift; path = PostDetailsRouter.swift; sourceTree = "<group>"; };
		2C85CFB325DB39F9008D4F0C /* PostDetailsModels.swift */ = {isa = PBXFileReference; lastKnownFileType = sourcecode.swift; path = PostDetailsModels.swift; sourceTree = "<group>"; };
		2C85CFB425DB39F9008D4F0C /* PostDetailsViewController.swift */ = {isa = PBXFileReference; lastKnownFileType = sourcecode.swift; path = PostDetailsViewController.swift; sourceTree = "<group>"; };
		2C85CFB525DB39F9008D4F0C /* PostDetailsInteractor.swift */ = {isa = PBXFileReference; lastKnownFileType = sourcecode.swift; path = PostDetailsInteractor.swift; sourceTree = "<group>"; };
		2C85CFBF25DB3A9D008D4F0C /* Constants.swift */ = {isa = PBXFileReference; lastKnownFileType = sourcecode.swift; path = Constants.swift; sourceTree = "<group>"; };
		2C85CFC525DB3B08008D4F0C /* PostDetailsStoryboard.storyboard */ = {isa = PBXFileReference; lastKnownFileType = file.storyboard; path = PostDetailsStoryboard.storyboard; sourceTree = "<group>"; };
		2CD0CDA625DADDC900FCE33F /* JSONPlaceHolderApp.app */ = {isa = PBXFileReference; explicitFileType = wrapper.application; includeInIndex = 0; path = JSONPlaceHolderApp.app; sourceTree = BUILT_PRODUCTS_DIR; };
		2CD0CDA925DADDC900FCE33F /* AppDelegate.swift */ = {isa = PBXFileReference; lastKnownFileType = sourcecode.swift; path = AppDelegate.swift; sourceTree = "<group>"; };
		2CD0CDAB25DADDC900FCE33F /* SceneDelegate.swift */ = {isa = PBXFileReference; lastKnownFileType = sourcecode.swift; path = SceneDelegate.swift; sourceTree = "<group>"; };
		2CD0CDB225DADDCA00FCE33F /* Assets.xcassets */ = {isa = PBXFileReference; lastKnownFileType = folder.assetcatalog; path = Assets.xcassets; sourceTree = "<group>"; };
		2CD0CDB525DADDCA00FCE33F /* Base */ = {isa = PBXFileReference; lastKnownFileType = file.storyboard; name = Base; path = Base.lproj/LaunchScreen.storyboard; sourceTree = "<group>"; };
		2CD0CDB725DADDCA00FCE33F /* Info.plist */ = {isa = PBXFileReference; lastKnownFileType = text.plist.xml; path = Info.plist; sourceTree = "<group>"; };
		2CD0CDBC25DADDCA00FCE33F /* JSONPlaceHolderAppTests.xctest */ = {isa = PBXFileReference; explicitFileType = wrapper.cfbundle; includeInIndex = 0; path = JSONPlaceHolderAppTests.xctest; sourceTree = BUILT_PRODUCTS_DIR; };
		2CD0CDC025DADDCA00FCE33F /* JSONPlaceHolderAppTests.swift */ = {isa = PBXFileReference; lastKnownFileType = sourcecode.swift; path = JSONPlaceHolderAppTests.swift; sourceTree = "<group>"; };
		2CD0CDC225DADDCA00FCE33F /* Info.plist */ = {isa = PBXFileReference; lastKnownFileType = text.plist.xml; path = Info.plist; sourceTree = "<group>"; };
		2CD0CDC725DADDCA00FCE33F /* JSONPlaceHolderAppUITests.xctest */ = {isa = PBXFileReference; explicitFileType = wrapper.cfbundle; includeInIndex = 0; path = JSONPlaceHolderAppUITests.xctest; sourceTree = BUILT_PRODUCTS_DIR; };
		2CD0CDCB25DADDCA00FCE33F /* JSONPlaceHolderAppUITests.swift */ = {isa = PBXFileReference; lastKnownFileType = sourcecode.swift; path = JSONPlaceHolderAppUITests.swift; sourceTree = "<group>"; };
		2CD0CDCD25DADDCA00FCE33F /* Info.plist */ = {isa = PBXFileReference; lastKnownFileType = text.plist.xml; path = Info.plist; sourceTree = "<group>"; };
		2CD0CDFD25DAE6E400FCE33F /* MainPresenter.swift */ = {isa = PBXFileReference; lastKnownFileType = sourcecode.swift; path = MainPresenter.swift; sourceTree = "<group>"; };
		2CD0CDFE25DAE6E400FCE33F /* MainWorker.swift */ = {isa = PBXFileReference; lastKnownFileType = sourcecode.swift; path = MainWorker.swift; sourceTree = "<group>"; };
		2CD0CDFF25DAE6E400FCE33F /* MainRouter.swift */ = {isa = PBXFileReference; lastKnownFileType = sourcecode.swift; path = MainRouter.swift; sourceTree = "<group>"; };
		2CD0CE0025DAE6E400FCE33F /* MainModels.swift */ = {isa = PBXFileReference; lastKnownFileType = sourcecode.swift; path = MainModels.swift; sourceTree = "<group>"; };
		2CD0CE0125DAE6E400FCE33F /* MainViewController.swift */ = {isa = PBXFileReference; lastKnownFileType = sourcecode.swift; path = MainViewController.swift; sourceTree = "<group>"; };
		2CD0CE0225DAE6E400FCE33F /* MainInteractor.swift */ = {isa = PBXFileReference; lastKnownFileType = sourcecode.swift; path = MainInteractor.swift; sourceTree = "<group>"; };
		2CD0CE1425DAE71100FCE33F /* MainStoryboard.storyboard */ = {isa = PBXFileReference; lastKnownFileType = file.storyboard; path = MainStoryboard.storyboard; sourceTree = "<group>"; };
		2CD0CE1925DAE81A00FCE33F /* BaseViewController.swift */ = {isa = PBXFileReference; lastKnownFileType = sourcecode.swift; path = BaseViewController.swift; sourceTree = "<group>"; };
		2CD0CE2325DAEA5800FCE33F /* Localizable.strings */ = {isa = PBXFileReference; lastKnownFileType = text.plist.strings; path = Localizable.strings; sourceTree = "<group>"; };
		2CFA5EA425DAED1C0009C915 /* Post.swift */ = {isa = PBXFileReference; lastKnownFileType = sourcecode.swift; path = Post.swift; sourceTree = "<group>"; };
		2CFA5EA925DAED3B0009C915 /* User.swift */ = {isa = PBXFileReference; lastKnownFileType = sourcecode.swift; path = User.swift; sourceTree = "<group>"; };
		2CFA5EAE25DAED540009C915 /* Comment.swift */ = {isa = PBXFileReference; lastKnownFileType = sourcecode.swift; path = Comment.swift; sourceTree = "<group>"; };
		2CFA5EB825DAF0220009C915 /* APIBaseRepository.swift */ = {isa = PBXFileReference; lastKnownFileType = sourcecode.swift; path = APIBaseRepository.swift; sourceTree = "<group>"; };
		2CFA5EBD25DAF0BB0009C915 /* PostRepository.swift */ = {isa = PBXFileReference; lastKnownFileType = sourcecode.swift; path = PostRepository.swift; sourceTree = "<group>"; };
		2CFA5EC525DAF0F00009C915 /* APIPostRepository.swift */ = {isa = PBXFileReference; lastKnownFileType = sourcecode.swift; path = APIPostRepository.swift; sourceTree = "<group>"; };
		2CFA5ED025DAF4360009C915 /* PostsManager.swift */ = {isa = PBXFileReference; lastKnownFileType = sourcecode.swift; path = PostsManager.swift; sourceTree = "<group>"; };
		2CFA5ED625DB1FC30009C915 /* PostTableViewCell.swift */ = {isa = PBXFileReference; lastKnownFileType = sourcecode.swift; path = PostTableViewCell.swift; sourceTree = "<group>"; };
		2CFA5ED725DB1FC30009C915 /* PostTableViewCell.xib */ = {isa = PBXFileReference; lastKnownFileType = file.xib; path = PostTableViewCell.xib; sourceTree = "<group>"; };
		2CFA5EE425DB27050009C915 /* UserRepository.swift */ = {isa = PBXFileReference; lastKnownFileType = sourcecode.swift; path = UserRepository.swift; sourceTree = "<group>"; };
		2CFA5EEE25DB272B0009C915 /* APIUserRepository.swift */ = {isa = PBXFileReference; lastKnownFileType = sourcecode.swift; path = APIUserRepository.swift; sourceTree = "<group>"; };
		2CFA5EF325DB27A70009C915 /* UserManager.swift */ = {isa = PBXFileReference; lastKnownFileType = sourcecode.swift; path = UserManager.swift; sourceTree = "<group>"; };
		4690D6DB9B407DDC1ECC7C34 /* Pods-JSONPlaceHolderAppTests.debug.xcconfig */ = {isa = PBXFileReference; includeInIndex = 1; lastKnownFileType = text.xcconfig; name = "Pods-JSONPlaceHolderAppTests.debug.xcconfig"; path = "Target Support Files/Pods-JSONPlaceHolderAppTests/Pods-JSONPlaceHolderAppTests.debug.xcconfig"; sourceTree = "<group>"; };
		548C3682977508EE12D9FE99 /* Pods-JSONPlaceHolderApp.debug.xcconfig */ = {isa = PBXFileReference; includeInIndex = 1; lastKnownFileType = text.xcconfig; name = "Pods-JSONPlaceHolderApp.debug.xcconfig"; path = "Target Support Files/Pods-JSONPlaceHolderApp/Pods-JSONPlaceHolderApp.debug.xcconfig"; sourceTree = "<group>"; };
		5B5A56504600E7027B7A151B /* Pods-JSONPlaceHolderApp.release.xcconfig */ = {isa = PBXFileReference; includeInIndex = 1; lastKnownFileType = text.xcconfig; name = "Pods-JSONPlaceHolderApp.release.xcconfig"; path = "Target Support Files/Pods-JSONPlaceHolderApp/Pods-JSONPlaceHolderApp.release.xcconfig"; sourceTree = "<group>"; };
		79D10C5E4E3C50B04909D9B5 /* Pods_JSONPlaceHolderAppTests.framework */ = {isa = PBXFileReference; explicitFileType = wrapper.framework; includeInIndex = 0; path = Pods_JSONPlaceHolderAppTests.framework; sourceTree = BUILT_PRODUCTS_DIR; };
		A7855C365460C3CE7ECA0A06 /* Pods-JSONPlaceHolderAppTests.release.xcconfig */ = {isa = PBXFileReference; includeInIndex = 1; lastKnownFileType = text.xcconfig; name = "Pods-JSONPlaceHolderAppTests.release.xcconfig"; path = "Target Support Files/Pods-JSONPlaceHolderAppTests/Pods-JSONPlaceHolderAppTests.release.xcconfig"; sourceTree = "<group>"; };
		E484FB19342CC8710D45E6B0 /* Pods_JSONPlaceHolderApp.framework */ = {isa = PBXFileReference; explicitFileType = wrapper.framework; includeInIndex = 0; path = Pods_JSONPlaceHolderApp.framework; sourceTree = BUILT_PRODUCTS_DIR; };
/* End PBXFileReference section */

/* Begin PBXFrameworksBuildPhase section */
		2CD0CDA325DADDC900FCE33F /* Frameworks */ = {
			isa = PBXFrameworksBuildPhase;
			buildActionMask = 2147483647;
			files = (
				B23B31CA4F2CA3399638E2FA /* Pods_JSONPlaceHolderApp.framework in Frameworks */,
			);
			runOnlyForDeploymentPostprocessing = 0;
		};
		2CD0CDB925DADDCA00FCE33F /* Frameworks */ = {
			isa = PBXFrameworksBuildPhase;
			buildActionMask = 2147483647;
			files = (
				250DB658668A1FF85D52487D /* Pods_JSONPlaceHolderAppTests.framework in Frameworks */,
			);
			runOnlyForDeploymentPostprocessing = 0;
		};
		2CD0CDC425DADDCA00FCE33F /* Frameworks */ = {
			isa = PBXFrameworksBuildPhase;
			buildActionMask = 2147483647;
			files = (
			);
			runOnlyForDeploymentPostprocessing = 0;
		};
/* End PBXFrameworksBuildPhase section */

/* Begin PBXGroup section */
		2C4D2AAA25DC7AC7007D499F /* View */ = {
			isa = PBXGroup;
			children = (
				2C4D2AAB25DC7AE2007D499F /* CommentCollectionViewCell.swift */,
				2C4D2AAC25DC7AE2007D499F /* CommentCollectionViewCell.xib */,
			);
			path = View;
			sourceTree = "<group>";
		};
		2C85CFA125DB3673008D4F0C /* Comments */ = {
			isa = PBXGroup;
			children = (
				2C85CFA725DB36B7008D4F0C /* CommentRepository.swift */,
				2C85CFA225DB369C008D4F0C /* APICommentRepository.swift */,
			);
			path = Comments;
			sourceTree = "<group>";
		};
		2C85CFAF25DB39E4008D4F0C /* PostDetails */ = {
			isa = PBXGroup;
			children = (
				2C4D2AAA25DC7AC7007D499F /* View */,
				2C85CFB025DB39F9008D4F0C /* PostDetailsPresenter.swift */,
				2C85CFB125DB39F9008D4F0C /* PostDetailsWorker.swift */,
				2C85CFB225DB39F9008D4F0C /* PostDetailsRouter.swift */,
				2C85CFB325DB39F9008D4F0C /* PostDetailsModels.swift */,
				2C85CFB425DB39F9008D4F0C /* PostDetailsViewController.swift */,
				2C85CFB525DB39F9008D4F0C /* PostDetailsInteractor.swift */,
				2C85CFC525DB3B08008D4F0C /* PostDetailsStoryboard.storyboard */,
			);
			path = PostDetails;
			sourceTree = "<group>";
		};
		2CD0CD9D25DADDC900FCE33F = {
			isa = PBXGroup;
			children = (
				2CD0CDA825DADDC900FCE33F /* JSONPlaceHolderApp */,
				2CD0CDBF25DADDCA00FCE33F /* JSONPlaceHolderAppTests */,
				2CD0CDCA25DADDCA00FCE33F /* JSONPlaceHolderAppUITests */,
				2CD0CDA725DADDC900FCE33F /* Products */,
				C2BDFF1491F0D3AE1896B352 /* Pods */,
				80250912A72BA5656CC7B936 /* Frameworks */,
			);
			sourceTree = "<group>";
		};
		2CD0CDA725DADDC900FCE33F /* Products */ = {
			isa = PBXGroup;
			children = (
				2CD0CDA625DADDC900FCE33F /* JSONPlaceHolderApp.app */,
				2CD0CDBC25DADDCA00FCE33F /* JSONPlaceHolderAppTests.xctest */,
				2CD0CDC725DADDCA00FCE33F /* JSONPlaceHolderAppUITests.xctest */,
			);
			name = Products;
			sourceTree = "<group>";
		};
		2CD0CDA825DADDC900FCE33F /* JSONPlaceHolderApp */ = {
			isa = PBXGroup;
			children = (
				2CD0CE2125DAEA3000FCE33F /* Resources */,
				2CD0CE0C25DAE6E900FCE33F /* Scenes */,
				2CD0CDA925DADDC900FCE33F /* AppDelegate.swift */,
				2CD0CDAB25DADDC900FCE33F /* SceneDelegate.swift */,
				2CD0CDB225DADDCA00FCE33F /* Assets.xcassets */,
				2CD0CDB425DADDCA00FCE33F /* LaunchScreen.storyboard */,
				2CD0CDB725DADDCA00FCE33F /* Info.plist */,
			);
			path = JSONPlaceHolderApp;
			sourceTree = "<group>";
		};
		2CD0CDBF25DADDCA00FCE33F /* JSONPlaceHolderAppTests */ = {
			isa = PBXGroup;
			children = (
				2CD0CDC025DADDCA00FCE33F /* JSONPlaceHolderAppTests.swift */,
				2CD0CDC225DADDCA00FCE33F /* Info.plist */,
			);
			path = JSONPlaceHolderAppTests;
			sourceTree = "<group>";
		};
		2CD0CDCA25DADDCA00FCE33F /* JSONPlaceHolderAppUITests */ = {
			isa = PBXGroup;
			children = (
				2CD0CDCB25DADDCA00FCE33F /* JSONPlaceHolderAppUITests.swift */,
				2CD0CDCD25DADDCA00FCE33F /* Info.plist */,
			);
			path = JSONPlaceHolderAppUITests;
			sourceTree = "<group>";
		};
		2CD0CE0C25DAE6E900FCE33F /* Scenes */ = {
			isa = PBXGroup;
			children = (
				2CD0CE1925DAE81A00FCE33F /* BaseViewController.swift */,
				2CD0CE0D25DAE6F100FCE33F /* MainScene */,
				2C85CFAF25DB39E4008D4F0C /* PostDetails */,
			);
			path = Scenes;
			sourceTree = "<group>";
		};
		2CD0CE0D25DAE6F100FCE33F /* MainScene */ = {
			isa = PBXGroup;
			children = (
				2CFA5ED525DB1F9A0009C915 /* View */,
				2CD0CDFD25DAE6E400FCE33F /* MainPresenter.swift */,
				2CD0CDFE25DAE6E400FCE33F /* MainWorker.swift */,
				2CD0CDFF25DAE6E400FCE33F /* MainRouter.swift */,
				2CD0CE0025DAE6E400FCE33F /* MainModels.swift */,
				2CD0CE0125DAE6E400FCE33F /* MainViewController.swift */,
				2CD0CE0225DAE6E400FCE33F /* MainInteractor.swift */,
				2CD0CE1425DAE71100FCE33F /* MainStoryboard.storyboard */,
			);
			path = MainScene;
			sourceTree = "<group>";
		};
		2CD0CE2125DAEA3000FCE33F /* Resources */ = {
			isa = PBXGroup;
			children = (
				2CFA5ECF25DAF4240009C915 /* Managers */,
				2CFA5EB625DAEFD60009C915 /* Repositories */,
				2CFA5EA225DAECD80009C915 /* Networking */,
				2CD0CE2225DAEA3700FCE33F /* Localizables */,
				2C85CFBF25DB3A9D008D4F0C /* Constants.swift */,
			);
			path = Resources;
			sourceTree = "<group>";
		};
		2CD0CE2225DAEA3700FCE33F /* Localizables */ = {
			isa = PBXGroup;
			children = (
				2CD0CE2325DAEA5800FCE33F /* Localizable.strings */,
			);
			path = Localizables;
			sourceTree = "<group>";
		};
		2CFA5EA225DAECD80009C915 /* Networking */ = {
			isa = PBXGroup;
			children = (
				2CFA5EA325DAECDE0009C915 /* Models */,
			);
			path = Networking;
			sourceTree = "<group>";
		};
		2CFA5EA325DAECDE0009C915 /* Models */ = {
			isa = PBXGroup;
			children = (
				2CFA5EA425DAED1C0009C915 /* Post.swift */,
				2CFA5EA925DAED3B0009C915 /* User.swift */,
				2CFA5EAE25DAED540009C915 /* Comment.swift */,
			);
			path = Models;
			sourceTree = "<group>";
		};
		2CFA5EB625DAEFD60009C915 /* Repositories */ = {
			isa = PBXGroup;
			children = (
				2CFA5EB825DAF0220009C915 /* APIBaseRepository.swift */,
				2CFA5EB725DAEFEB0009C915 /* Post */,
				2CFA5EE325DB26F50009C915 /* User */,
				2C85CFA125DB3673008D4F0C /* Comments */,
			);
			path = Repositories;
			sourceTree = "<group>";
		};
		2CFA5EB725DAEFEB0009C915 /* Post */ = {
			isa = PBXGroup;
			children = (
				2CFA5EBD25DAF0BB0009C915 /* PostRepository.swift */,
				2CFA5EC525DAF0F00009C915 /* APIPostRepository.swift */,
				2C4D2A9F25DC7923007D499F /* LocalPostRepository.swift */,
			);
			path = Post;
			sourceTree = "<group>";
		};
		2CFA5ECF25DAF4240009C915 /* Managers */ = {
			isa = PBXGroup;
			children = (
				2CFA5ED025DAF4360009C915 /* PostsManager.swift */,
				2CFA5EF325DB27A70009C915 /* UserManager.swift */,
			);
			path = Managers;
			sourceTree = "<group>";
		};
		2CFA5ED525DB1F9A0009C915 /* View */ = {
			isa = PBXGroup;
			children = (
				2CFA5ED625DB1FC30009C915 /* PostTableViewCell.swift */,
				2CFA5ED725DB1FC30009C915 /* PostTableViewCell.xib */,
			);
			path = View;
			sourceTree = "<group>";
		};
		2CFA5EE325DB26F50009C915 /* User */ = {
			isa = PBXGroup;
			children = (
				2CFA5EE425DB27050009C915 /* UserRepository.swift */,
				2CFA5EEE25DB272B0009C915 /* APIUserRepository.swift */,
			);
			path = User;
			sourceTree = "<group>";
		};
		80250912A72BA5656CC7B936 /* Frameworks */ = {
			isa = PBXGroup;
			children = (
				E484FB19342CC8710D45E6B0 /* Pods_JSONPlaceHolderApp.framework */,
				79D10C5E4E3C50B04909D9B5 /* Pods_JSONPlaceHolderAppTests.framework */,
			);
			name = Frameworks;
			sourceTree = "<group>";
		};
		C2BDFF1491F0D3AE1896B352 /* Pods */ = {
			isa = PBXGroup;
			children = (
				548C3682977508EE12D9FE99 /* Pods-JSONPlaceHolderApp.debug.xcconfig */,
				5B5A56504600E7027B7A151B /* Pods-JSONPlaceHolderApp.release.xcconfig */,
				4690D6DB9B407DDC1ECC7C34 /* Pods-JSONPlaceHolderAppTests.debug.xcconfig */,
				A7855C365460C3CE7ECA0A06 /* Pods-JSONPlaceHolderAppTests.release.xcconfig */,
			);
			path = Pods;
			sourceTree = "<group>";
		};
/* End PBXGroup section */

/* Begin PBXNativeTarget section */
		2CD0CDA525DADDC900FCE33F /* JSONPlaceHolderApp */ = {
			isa = PBXNativeTarget;
			buildConfigurationList = 2CD0CDD025DADDCA00FCE33F /* Build configuration list for PBXNativeTarget "JSONPlaceHolderApp" */;
			buildPhases = (
				CD21C51A63F9276773ABA2B4 /* [CP] Check Pods Manifest.lock */,
				2CD0CDA225DADDC900FCE33F /* Sources */,
				2CD0CDA325DADDC900FCE33F /* Frameworks */,
				2CD0CDA425DADDC900FCE33F /* Resources */,
				E4C127ED6425E1FDCDA45562 /* [CP] Embed Pods Frameworks */,
			);
			buildRules = (
			);
			dependencies = (
			);
			name = JSONPlaceHolderApp;
			productName = JSONPlaceHolderApp;
			productReference = 2CD0CDA625DADDC900FCE33F /* JSONPlaceHolderApp.app */;
			productType = "com.apple.product-type.application";
		};
		2CD0CDBB25DADDCA00FCE33F /* JSONPlaceHolderAppTests */ = {
			isa = PBXNativeTarget;
			buildConfigurationList = 2CD0CDD325DADDCA00FCE33F /* Build configuration list for PBXNativeTarget "JSONPlaceHolderAppTests" */;
			buildPhases = (
				1F443E539790F88752402369 /* [CP] Check Pods Manifest.lock */,
				2CD0CDB825DADDCA00FCE33F /* Sources */,
				2CD0CDB925DADDCA00FCE33F /* Frameworks */,
				2CD0CDBA25DADDCA00FCE33F /* Resources */,
				82B24F6AC51FE3DB33C1BD1C /* [CP] Embed Pods Frameworks */,
			);
			buildRules = (
			);
			dependencies = (
				2CD0CDBE25DADDCA00FCE33F /* PBXTargetDependency */,
			);
			name = JSONPlaceHolderAppTests;
			productName = JSONPlaceHolderAppTests;
			productReference = 2CD0CDBC25DADDCA00FCE33F /* JSONPlaceHolderAppTests.xctest */;
			productType = "com.apple.product-type.bundle.unit-test";
		};
		2CD0CDC625DADDCA00FCE33F /* JSONPlaceHolderAppUITests */ = {
			isa = PBXNativeTarget;
			buildConfigurationList = 2CD0CDD625DADDCA00FCE33F /* Build configuration list for PBXNativeTarget "JSONPlaceHolderAppUITests" */;
			buildPhases = (
				2CD0CDC325DADDCA00FCE33F /* Sources */,
				2CD0CDC425DADDCA00FCE33F /* Frameworks */,
				2CD0CDC525DADDCA00FCE33F /* Resources */,
			);
			buildRules = (
			);
			dependencies = (
				2CD0CDC925DADDCA00FCE33F /* PBXTargetDependency */,
			);
			name = JSONPlaceHolderAppUITests;
			productName = JSONPlaceHolderAppUITests;
			productReference = 2CD0CDC725DADDCA00FCE33F /* JSONPlaceHolderAppUITests.xctest */;
			productType = "com.apple.product-type.bundle.ui-testing";
		};
/* End PBXNativeTarget section */

/* Begin PBXProject section */
		2CD0CD9E25DADDC900FCE33F /* Project object */ = {
			isa = PBXProject;
			attributes = {
				LastSwiftUpdateCheck = 1240;
				LastUpgradeCheck = 1240;
				ORGANIZATIONNAME = IDIAZM;
				TargetAttributes = {
					2CD0CDA525DADDC900FCE33F = {
						CreatedOnToolsVersion = 12.4;
					};
					2CD0CDBB25DADDCA00FCE33F = {
						CreatedOnToolsVersion = 12.4;
						TestTargetID = 2CD0CDA525DADDC900FCE33F;
					};
					2CD0CDC625DADDCA00FCE33F = {
						CreatedOnToolsVersion = 12.4;
						TestTargetID = 2CD0CDA525DADDC900FCE33F;
					};
				};
			};
			buildConfigurationList = 2CD0CDA125DADDC900FCE33F /* Build configuration list for PBXProject "JSONPlaceHolderApp" */;
			compatibilityVersion = "Xcode 9.3";
			developmentRegion = en;
			hasScannedForEncodings = 0;
			knownRegions = (
				en,
				Base,
			);
			mainGroup = 2CD0CD9D25DADDC900FCE33F;
			productRefGroup = 2CD0CDA725DADDC900FCE33F /* Products */;
			projectDirPath = "";
			projectRoot = "";
			targets = (
				2CD0CDA525DADDC900FCE33F /* JSONPlaceHolderApp */,
				2CD0CDBB25DADDCA00FCE33F /* JSONPlaceHolderAppTests */,
				2CD0CDC625DADDCA00FCE33F /* JSONPlaceHolderAppUITests */,
			);
		};
/* End PBXProject section */

/* Begin PBXResourcesBuildPhase section */
		2CD0CDA425DADDC900FCE33F /* Resources */ = {
			isa = PBXResourcesBuildPhase;
			buildActionMask = 2147483647;
			files = (
				2CD0CE1525DAE71100FCE33F /* MainStoryboard.storyboard in Resources */,
				2CFA5ED925DB1FC30009C915 /* PostTableViewCell.xib in Resources */,
				2C85CFC625DB3B08008D4F0C /* PostDetailsStoryboard.storyboard in Resources */,
				2CD0CE2425DAEA5800FCE33F /* Localizable.strings in Resources */,
				2CD0CDB625DADDCA00FCE33F /* LaunchScreen.storyboard in Resources */,
				2C4D2AAE25DC7AE2007D499F /* CommentCollectionViewCell.xib in Resources */,
				2CD0CDB325DADDCA00FCE33F /* Assets.xcassets in Resources */,
			);
			runOnlyForDeploymentPostprocessing = 0;
		};
		2CD0CDBA25DADDCA00FCE33F /* Resources */ = {
			isa = PBXResourcesBuildPhase;
			buildActionMask = 2147483647;
			files = (
			);
			runOnlyForDeploymentPostprocessing = 0;
		};
		2CD0CDC525DADDCA00FCE33F /* Resources */ = {
			isa = PBXResourcesBuildPhase;
			buildActionMask = 2147483647;
			files = (
			);
			runOnlyForDeploymentPostprocessing = 0;
		};
/* End PBXResourcesBuildPhase section */

/* Begin PBXShellScriptBuildPhase section */
		1F443E539790F88752402369 /* [CP] Check Pods Manifest.lock */ = {
			isa = PBXShellScriptBuildPhase;
			buildActionMask = 2147483647;
			files = (
			);
			inputFileListPaths = (
			);
			inputPaths = (
				"${PODS_PODFILE_DIR_PATH}/Podfile.lock",
				"${PODS_ROOT}/Manifest.lock",
			);
			name = "[CP] Check Pods Manifest.lock";
			outputFileListPaths = (
			);
			outputPaths = (
				"$(DERIVED_FILE_DIR)/Pods-JSONPlaceHolderAppTests-checkManifestLockResult.txt",
			);
			runOnlyForDeploymentPostprocessing = 0;
			shellPath = /bin/sh;
			shellScript = "diff \"${PODS_PODFILE_DIR_PATH}/Podfile.lock\" \"${PODS_ROOT}/Manifest.lock\" > /dev/null\nif [ $? != 0 ] ; then\n    # print error to STDERR\n    echo \"error: The sandbox is not in sync with the Podfile.lock. Run 'pod install' or update your CocoaPods installation.\" >&2\n    exit 1\nfi\n# This output is used by Xcode 'outputs' to avoid re-running this script phase.\necho \"SUCCESS\" > \"${SCRIPT_OUTPUT_FILE_0}\"\n";
			showEnvVarsInLog = 0;
		};
		82B24F6AC51FE3DB33C1BD1C /* [CP] Embed Pods Frameworks */ = {
			isa = PBXShellScriptBuildPhase;
			buildActionMask = 2147483647;
			files = (
			);
			inputFileListPaths = (
				"${PODS_ROOT}/Target Support Files/Pods-JSONPlaceHolderAppTests/Pods-JSONPlaceHolderAppTests-frameworks-${CONFIGURATION}-input-files.xcfilelist",
			);
			name = "[CP] Embed Pods Frameworks";
			outputFileListPaths = (
				"${PODS_ROOT}/Target Support Files/Pods-JSONPlaceHolderAppTests/Pods-JSONPlaceHolderAppTests-frameworks-${CONFIGURATION}-output-files.xcfilelist",
			);
			runOnlyForDeploymentPostprocessing = 0;
			shellPath = /bin/sh;
			shellScript = "\"${PODS_ROOT}/Target Support Files/Pods-JSONPlaceHolderAppTests/Pods-JSONPlaceHolderAppTests-frameworks.sh\"\n";
			showEnvVarsInLog = 0;
		};
		CD21C51A63F9276773ABA2B4 /* [CP] Check Pods Manifest.lock */ = {
			isa = PBXShellScriptBuildPhase;
			buildActionMask = 2147483647;
			files = (
			);
			inputFileListPaths = (
			);
			inputPaths = (
				"${PODS_PODFILE_DIR_PATH}/Podfile.lock",
				"${PODS_ROOT}/Manifest.lock",
			);
			name = "[CP] Check Pods Manifest.lock";
			outputFileListPaths = (
			);
			outputPaths = (
				"$(DERIVED_FILE_DIR)/Pods-JSONPlaceHolderApp-checkManifestLockResult.txt",
			);
			runOnlyForDeploymentPostprocessing = 0;
			shellPath = /bin/sh;
			shellScript = "diff \"${PODS_PODFILE_DIR_PATH}/Podfile.lock\" \"${PODS_ROOT}/Manifest.lock\" > /dev/null\nif [ $? != 0 ] ; then\n    # print error to STDERR\n    echo \"error: The sandbox is not in sync with the Podfile.lock. Run 'pod install' or update your CocoaPods installation.\" >&2\n    exit 1\nfi\n# This output is used by Xcode 'outputs' to avoid re-running this script phase.\necho \"SUCCESS\" > \"${SCRIPT_OUTPUT_FILE_0}\"\n";
			showEnvVarsInLog = 0;
		};
		E4C127ED6425E1FDCDA45562 /* [CP] Embed Pods Frameworks */ = {
			isa = PBXShellScriptBuildPhase;
			buildActionMask = 2147483647;
			files = (
			);
			inputFileListPaths = (
				"${PODS_ROOT}/Target Support Files/Pods-JSONPlaceHolderApp/Pods-JSONPlaceHolderApp-frameworks-${CONFIGURATION}-input-files.xcfilelist",
			);
			name = "[CP] Embed Pods Frameworks";
			outputFileListPaths = (
				"${PODS_ROOT}/Target Support Files/Pods-JSONPlaceHolderApp/Pods-JSONPlaceHolderApp-frameworks-${CONFIGURATION}-output-files.xcfilelist",
			);
			runOnlyForDeploymentPostprocessing = 0;
			shellPath = /bin/sh;
			shellScript = "\"${PODS_ROOT}/Target Support Files/Pods-JSONPlaceHolderApp/Pods-JSONPlaceHolderApp-frameworks.sh\"\n";
			showEnvVarsInLog = 0;
		};
/* End PBXShellScriptBuildPhase section */

/* Begin PBXSourcesBuildPhase section */
		2CD0CDA225DADDC900FCE33F /* Sources */ = {
			isa = PBXSourcesBuildPhase;
			buildActionMask = 2147483647;
			files = (
				2CD0CE0725DAE6E400FCE33F /* MainViewController.swift in Sources */,
				2CD0CE0525DAE6E400FCE33F /* MainRouter.swift in Sources */,
				2CFA5ED825DB1FC30009C915 /* PostTableViewCell.swift in Sources */,
				2C85CFB725DB39F9008D4F0C /* PostDetailsWorker.swift in Sources */,
				2C85CFBA25DB39F9008D4F0C /* PostDetailsViewController.swift in Sources */,
				2CD0CDAA25DADDC900FCE33F /* AppDelegate.swift in Sources */,
				2C85CFA825DB36B7008D4F0C /* CommentRepository.swift in Sources */,
				2CFA5EBE25DAF0BB0009C915 /* PostRepository.swift in Sources */,
				2C85CFC025DB3A9D008D4F0C /* Constants.swift in Sources */,
				2C85CFBB25DB39F9008D4F0C /* PostDetailsInteractor.swift in Sources */,
				2CD0CE0625DAE6E400FCE33F /* MainModels.swift in Sources */,
				2C85CFB625DB39F9008D4F0C /* PostDetailsPresenter.swift in Sources */,
				2C85CFB925DB39F9008D4F0C /* PostDetailsModels.swift in Sources */,
				2CD0CE0325DAE6E400FCE33F /* MainPresenter.swift in Sources */,
				2C4D2AA025DC7923007D499F /* LocalPostRepository.swift in Sources */,
				2CFA5EB925DAF0220009C915 /* APIBaseRepository.swift in Sources */,
				2CD0CE1A25DAE81A00FCE33F /* BaseViewController.swift in Sources */,
				2CFA5EEF25DB272B0009C915 /* APIUserRepository.swift in Sources */,
				2CD0CE0425DAE6E400FCE33F /* MainWorker.swift in Sources */,
				2CFA5EAF25DAED540009C915 /* Comment.swift in Sources */,
				2CFA5EC625DAF0F00009C915 /* APIPostRepository.swift in Sources */,
				2CD0CDAC25DADDC900FCE33F /* SceneDelegate.swift in Sources */,
				2CD0CE0825DAE6E400FCE33F /* MainInteractor.swift in Sources */,
				2CFA5ED125DAF4360009C915 /* PostsManager.swift in Sources */,
				2C85CFB825DB39F9008D4F0C /* PostDetailsRouter.swift in Sources */,
				2CFA5EA525DAED1C0009C915 /* Post.swift in Sources */,
				2CFA5EE525DB27050009C915 /* UserRepository.swift in Sources */,
				2C4D2AAD25DC7AE2007D499F /* CommentCollectionViewCell.swift in Sources */,
				2C85CFA325DB369C008D4F0C /* APICommentRepository.swift in Sources */,
				2CFA5EF425DB27A70009C915 /* UserManager.swift in Sources */,
				2CFA5EAA25DAED3B0009C915 /* User.swift in Sources */,
			);
			runOnlyForDeploymentPostprocessing = 0;
		};
		2CD0CDB825DADDCA00FCE33F /* Sources */ = {
			isa = PBXSourcesBuildPhase;
			buildActionMask = 2147483647;
			files = (
				2CD0CDC125DADDCA00FCE33F /* JSONPlaceHolderAppTests.swift in Sources */,
			);
			runOnlyForDeploymentPostprocessing = 0;
		};
		2CD0CDC325DADDCA00FCE33F /* Sources */ = {
			isa = PBXSourcesBuildPhase;
			buildActionMask = 2147483647;
			files = (
				2CD0CDCC25DADDCA00FCE33F /* JSONPlaceHolderAppUITests.swift in Sources */,
			);
			runOnlyForDeploymentPostprocessing = 0;
		};
/* End PBXSourcesBuildPhase section */

/* Begin PBXTargetDependency section */
		2CD0CDBE25DADDCA00FCE33F /* PBXTargetDependency */ = {
			isa = PBXTargetDependency;
			target = 2CD0CDA525DADDC900FCE33F /* JSONPlaceHolderApp */;
			targetProxy = 2CD0CDBD25DADDCA00FCE33F /* PBXContainerItemProxy */;
		};
		2CD0CDC925DADDCA00FCE33F /* PBXTargetDependency */ = {
			isa = PBXTargetDependency;
			target = 2CD0CDA525DADDC900FCE33F /* JSONPlaceHolderApp */;
			targetProxy = 2CD0CDC825DADDCA00FCE33F /* PBXContainerItemProxy */;
		};
/* End PBXTargetDependency section */

/* Begin PBXVariantGroup section */
		2CD0CDB425DADDCA00FCE33F /* LaunchScreen.storyboard */ = {
			isa = PBXVariantGroup;
			children = (
				2CD0CDB525DADDCA00FCE33F /* Base */,
			);
			name = LaunchScreen.storyboard;
			sourceTree = "<group>";
		};
/* End PBXVariantGroup section */

/* Begin XCBuildConfiguration section */
		2CD0CDCE25DADDCA00FCE33F /* Debug */ = {
			isa = XCBuildConfiguration;
			buildSettings = {
				ALWAYS_SEARCH_USER_PATHS = NO;
				CLANG_ANALYZER_NONNULL = YES;
				CLANG_ANALYZER_NUMBER_OBJECT_CONVERSION = YES_AGGRESSIVE;
				CLANG_CXX_LANGUAGE_STANDARD = "gnu++14";
				CLANG_CXX_LIBRARY = "libc++";
				CLANG_ENABLE_MODULES = YES;
				CLANG_ENABLE_OBJC_ARC = YES;
				CLANG_ENABLE_OBJC_WEAK = YES;
				CLANG_WARN_BLOCK_CAPTURE_AUTORELEASING = YES;
				CLANG_WARN_BOOL_CONVERSION = YES;
				CLANG_WARN_COMMA = YES;
				CLANG_WARN_CONSTANT_CONVERSION = YES;
				CLANG_WARN_DEPRECATED_OBJC_IMPLEMENTATIONS = YES;
				CLANG_WARN_DIRECT_OBJC_ISA_USAGE = YES_ERROR;
				CLANG_WARN_DOCUMENTATION_COMMENTS = YES;
				CLANG_WARN_EMPTY_BODY = YES;
				CLANG_WARN_ENUM_CONVERSION = YES;
				CLANG_WARN_INFINITE_RECURSION = YES;
				CLANG_WARN_INT_CONVERSION = YES;
				CLANG_WARN_NON_LITERAL_NULL_CONVERSION = YES;
				CLANG_WARN_OBJC_IMPLICIT_RETAIN_SELF = YES;
				CLANG_WARN_OBJC_LITERAL_CONVERSION = YES;
				CLANG_WARN_OBJC_ROOT_CLASS = YES_ERROR;
				CLANG_WARN_QUOTED_INCLUDE_IN_FRAMEWORK_HEADER = YES;
				CLANG_WARN_RANGE_LOOP_ANALYSIS = YES;
				CLANG_WARN_STRICT_PROTOTYPES = YES;
				CLANG_WARN_SUSPICIOUS_MOVE = YES;
				CLANG_WARN_UNGUARDED_AVAILABILITY = YES_AGGRESSIVE;
				CLANG_WARN_UNREACHABLE_CODE = YES;
				CLANG_WARN__DUPLICATE_METHOD_MATCH = YES;
				COPY_PHASE_STRIP = NO;
				DEBUG_INFORMATION_FORMAT = dwarf;
				ENABLE_STRICT_OBJC_MSGSEND = YES;
				ENABLE_TESTABILITY = YES;
				GCC_C_LANGUAGE_STANDARD = gnu11;
				GCC_DYNAMIC_NO_PIC = NO;
				GCC_NO_COMMON_BLOCKS = YES;
				GCC_OPTIMIZATION_LEVEL = 0;
				GCC_PREPROCESSOR_DEFINITIONS = (
					"DEBUG=1",
					"$(inherited)",
				);
				GCC_WARN_64_TO_32_BIT_CONVERSION = YES;
				GCC_WARN_ABOUT_RETURN_TYPE = YES_ERROR;
				GCC_WARN_UNDECLARED_SELECTOR = YES;
				GCC_WARN_UNINITIALIZED_AUTOS = YES_AGGRESSIVE;
				GCC_WARN_UNUSED_FUNCTION = YES;
				GCC_WARN_UNUSED_VARIABLE = YES;
				IPHONEOS_DEPLOYMENT_TARGET = 14.4;
				MTL_ENABLE_DEBUG_INFO = INCLUDE_SOURCE;
				MTL_FAST_MATH = YES;
				ONLY_ACTIVE_ARCH = YES;
				SDKROOT = iphoneos;
				SWIFT_ACTIVE_COMPILATION_CONDITIONS = DEBUG;
				SWIFT_OPTIMIZATION_LEVEL = "-Onone";
			};
			name = Debug;
		};
		2CD0CDCF25DADDCA00FCE33F /* Release */ = {
			isa = XCBuildConfiguration;
			buildSettings = {
				ALWAYS_SEARCH_USER_PATHS = NO;
				CLANG_ANALYZER_NONNULL = YES;
				CLANG_ANALYZER_NUMBER_OBJECT_CONVERSION = YES_AGGRESSIVE;
				CLANG_CXX_LANGUAGE_STANDARD = "gnu++14";
				CLANG_CXX_LIBRARY = "libc++";
				CLANG_ENABLE_MODULES = YES;
				CLANG_ENABLE_OBJC_ARC = YES;
				CLANG_ENABLE_OBJC_WEAK = YES;
				CLANG_WARN_BLOCK_CAPTURE_AUTORELEASING = YES;
				CLANG_WARN_BOOL_CONVERSION = YES;
				CLANG_WARN_COMMA = YES;
				CLANG_WARN_CONSTANT_CONVERSION = YES;
				CLANG_WARN_DEPRECATED_OBJC_IMPLEMENTATIONS = YES;
				CLANG_WARN_DIRECT_OBJC_ISA_USAGE = YES_ERROR;
				CLANG_WARN_DOCUMENTATION_COMMENTS = YES;
				CLANG_WARN_EMPTY_BODY = YES;
				CLANG_WARN_ENUM_CONVERSION = YES;
				CLANG_WARN_INFINITE_RECURSION = YES;
				CLANG_WARN_INT_CONVERSION = YES;
				CLANG_WARN_NON_LITERAL_NULL_CONVERSION = YES;
				CLANG_WARN_OBJC_IMPLICIT_RETAIN_SELF = YES;
				CLANG_WARN_OBJC_LITERAL_CONVERSION = YES;
				CLANG_WARN_OBJC_ROOT_CLASS = YES_ERROR;
				CLANG_WARN_QUOTED_INCLUDE_IN_FRAMEWORK_HEADER = YES;
				CLANG_WARN_RANGE_LOOP_ANALYSIS = YES;
				CLANG_WARN_STRICT_PROTOTYPES = YES;
				CLANG_WARN_SUSPICIOUS_MOVE = YES;
				CLANG_WARN_UNGUARDED_AVAILABILITY = YES_AGGRESSIVE;
				CLANG_WARN_UNREACHABLE_CODE = YES;
				CLANG_WARN__DUPLICATE_METHOD_MATCH = YES;
				COPY_PHASE_STRIP = NO;
				DEBUG_INFORMATION_FORMAT = "dwarf-with-dsym";
				ENABLE_NS_ASSERTIONS = NO;
				ENABLE_STRICT_OBJC_MSGSEND = YES;
				GCC_C_LANGUAGE_STANDARD = gnu11;
				GCC_NO_COMMON_BLOCKS = YES;
				GCC_WARN_64_TO_32_BIT_CONVERSION = YES;
				GCC_WARN_ABOUT_RETURN_TYPE = YES_ERROR;
				GCC_WARN_UNDECLARED_SELECTOR = YES;
				GCC_WARN_UNINITIALIZED_AUTOS = YES_AGGRESSIVE;
				GCC_WARN_UNUSED_FUNCTION = YES;
				GCC_WARN_UNUSED_VARIABLE = YES;
				IPHONEOS_DEPLOYMENT_TARGET = 14.4;
				MTL_ENABLE_DEBUG_INFO = NO;
				MTL_FAST_MATH = YES;
				SDKROOT = iphoneos;
				SWIFT_COMPILATION_MODE = wholemodule;
				SWIFT_OPTIMIZATION_LEVEL = "-O";
				VALIDATE_PRODUCT = YES;
			};
			name = Release;
		};
		2CD0CDD125DADDCA00FCE33F /* Debug */ = {
			isa = XCBuildConfiguration;
			baseConfigurationReference = 548C3682977508EE12D9FE99 /* Pods-JSONPlaceHolderApp.debug.xcconfig */;
			buildSettings = {
				ASSETCATALOG_COMPILER_APPICON_NAME = AppIcon;
				ASSETCATALOG_COMPILER_GLOBAL_ACCENT_COLOR_NAME = AccentColor;
				CODE_SIGN_STYLE = Automatic;
				DEVELOPMENT_TEAM = 69P53KQ6SY;
				INFOPLIST_FILE = JSONPlaceHolderApp/Info.plist;
				LD_RUNPATH_SEARCH_PATHS = (
					"$(inherited)",
					"@executable_path/Frameworks",
				);
				PRODUCT_BUNDLE_IDENTIFIER = IDIAZM.JSONPlaceHolderApp;
				PRODUCT_NAME = "$(TARGET_NAME)";
				SWIFT_VERSION = 5.0;
				TARGETED_DEVICE_FAMILY = 1;
			};
			name = Debug;
		};
		2CD0CDD225DADDCA00FCE33F /* Release */ = {
			isa = XCBuildConfiguration;
			baseConfigurationReference = 5B5A56504600E7027B7A151B /* Pods-JSONPlaceHolderApp.release.xcconfig */;
			buildSettings = {
				ASSETCATALOG_COMPILER_APPICON_NAME = AppIcon;
				ASSETCATALOG_COMPILER_GLOBAL_ACCENT_COLOR_NAME = AccentColor;
				CODE_SIGN_STYLE = Automatic;
				DEVELOPMENT_TEAM = 69P53KQ6SY;
				INFOPLIST_FILE = JSONPlaceHolderApp/Info.plist;
				LD_RUNPATH_SEARCH_PATHS = (
					"$(inherited)",
					"@executable_path/Frameworks",
				);
				PRODUCT_BUNDLE_IDENTIFIER = IDIAZM.JSONPlaceHolderApp;
				PRODUCT_NAME = "$(TARGET_NAME)";
				SWIFT_VERSION = 5.0;
				TARGETED_DEVICE_FAMILY = 1;
			};
			name = Release;
		};
		2CD0CDD425DADDCA00FCE33F /* Debug */ = {
			isa = XCBuildConfiguration;
			baseConfigurationReference = 4690D6DB9B407DDC1ECC7C34 /* Pods-JSONPlaceHolderAppTests.debug.xcconfig */;
			buildSettings = {
				ALWAYS_EMBED_SWIFT_STANDARD_LIBRARIES = YES;
				BUNDLE_LOADER = "$(TEST_HOST)";
				CODE_SIGN_STYLE = Automatic;
				DEVELOPMENT_TEAM = 69P53KQ6SY;
				INFOPLIST_FILE = JSONPlaceHolderAppTests/Info.plist;
				IPHONEOS_DEPLOYMENT_TARGET = 14.4;
				LD_RUNPATH_SEARCH_PATHS = (
					"$(inherited)",
					"@executable_path/Frameworks",
					"@loader_path/Frameworks",
				);
				PRODUCT_BUNDLE_IDENTIFIER = IDIAZM.JSONPlaceHolderAppTests;
				PRODUCT_NAME = "$(TARGET_NAME)";
				SWIFT_VERSION = 5.0;
				TARGETED_DEVICE_FAMILY = "1,2";
				TEST_HOST = "$(BUILT_PRODUCTS_DIR)/JSONPlaceHolderApp.app/JSONPlaceHolderApp";
			};
			name = Debug;
		};
		2CD0CDD525DADDCA00FCE33F /* Release */ = {
			isa = XCBuildConfiguration;
			baseConfigurationReference = A7855C365460C3CE7ECA0A06 /* Pods-JSONPlaceHolderAppTests.release.xcconfig */;
			buildSettings = {
				ALWAYS_EMBED_SWIFT_STANDARD_LIBRARIES = YES;
				BUNDLE_LOADER = "$(TEST_HOST)";
				CODE_SIGN_STYLE = Automatic;
				DEVELOPMENT_TEAM = 69P53KQ6SY;
				INFOPLIST_FILE = JSONPlaceHolderAppTests/Info.plist;
				IPHONEOS_DEPLOYMENT_TARGET = 14.4;
				LD_RUNPATH_SEARCH_PATHS = (
					"$(inherited)",
					"@executable_path/Frameworks",
					"@loader_path/Frameworks",
				);
				PRODUCT_BUNDLE_IDENTIFIER = IDIAZM.JSONPlaceHolderAppTests;
				PRODUCT_NAME = "$(TARGET_NAME)";
				SWIFT_VERSION = 5.0;
				TARGETED_DEVICE_FAMILY = "1,2";
				TEST_HOST = "$(BUILT_PRODUCTS_DIR)/JSONPlaceHolderApp.app/JSONPlaceHolderApp";
			};
			name = Release;
		};
		2CD0CDD725DADDCA00FCE33F /* Debug */ = {
			isa = XCBuildConfiguration;
			buildSettings = {
				ALWAYS_EMBED_SWIFT_STANDARD_LIBRARIES = YES;
				CODE_SIGN_STYLE = Automatic;
				DEVELOPMENT_TEAM = 69P53KQ6SY;
				INFOPLIST_FILE = JSONPlaceHolderAppUITests/Info.plist;
				LD_RUNPATH_SEARCH_PATHS = (
					"$(inherited)",
					"@executable_path/Frameworks",
					"@loader_path/Frameworks",
				);
				PRODUCT_BUNDLE_IDENTIFIER = IDIAZM.JSONPlaceHolderAppUITests;
				PRODUCT_NAME = "$(TARGET_NAME)";
				SWIFT_VERSION = 5.0;
				TARGETED_DEVICE_FAMILY = "1,2";
				TEST_TARGET_NAME = JSONPlaceHolderApp;
			};
			name = Debug;
		};
		2CD0CDD825DADDCA00FCE33F /* Release */ = {
			isa = XCBuildConfiguration;
			buildSettings = {
				ALWAYS_EMBED_SWIFT_STANDARD_LIBRARIES = YES;
				CODE_SIGN_STYLE = Automatic;
				DEVELOPMENT_TEAM = 69P53KQ6SY;
				INFOPLIST_FILE = JSONPlaceHolderAppUITests/Info.plist;
				LD_RUNPATH_SEARCH_PATHS = (
					"$(inherited)",
					"@executable_path/Frameworks",
					"@loader_path/Frameworks",
				);
				PRODUCT_BUNDLE_IDENTIFIER = IDIAZM.JSONPlaceHolderAppUITests;
				PRODUCT_NAME = "$(TARGET_NAME)";
				SWIFT_VERSION = 5.0;
				TARGETED_DEVICE_FAMILY = "1,2";
				TEST_TARGET_NAME = JSONPlaceHolderApp;
			};
			name = Release;
		};
/* End XCBuildConfiguration section */

/* Begin XCConfigurationList section */
		2CD0CDA125DADDC900FCE33F /* Build configuration list for PBXProject "JSONPlaceHolderApp" */ = {
			isa = XCConfigurationList;
			buildConfigurations = (
				2CD0CDCE25DADDCA00FCE33F /* Debug */,
				2CD0CDCF25DADDCA00FCE33F /* Release */,
			);
			defaultConfigurationIsVisible = 0;
			defaultConfigurationName = Release;
		};
		2CD0CDD025DADDCA00FCE33F /* Build configuration list for PBXNativeTarget "JSONPlaceHolderApp" */ = {
			isa = XCConfigurationList;
			buildConfigurations = (
				2CD0CDD125DADDCA00FCE33F /* Debug */,
				2CD0CDD225DADDCA00FCE33F /* Release */,
			);
			defaultConfigurationIsVisible = 0;
			defaultConfigurationName = Release;
		};
		2CD0CDD325DADDCA00FCE33F /* Build configuration list for PBXNativeTarget "JSONPlaceHolderAppTests" */ = {
			isa = XCConfigurationList;
			buildConfigurations = (
				2CD0CDD425DADDCA00FCE33F /* Debug */,
				2CD0CDD525DADDCA00FCE33F /* Release */,
			);
			defaultConfigurationIsVisible = 0;
			defaultConfigurationName = Release;
		};
		2CD0CDD625DADDCA00FCE33F /* Build configuration list for PBXNativeTarget "JSONPlaceHolderAppUITests" */ = {
			isa = XCConfigurationList;
			buildConfigurations = (
				2CD0CDD725DADDCA00FCE33F /* Debug */,
				2CD0CDD825DADDCA00FCE33F /* Release */,
			);
			defaultConfigurationIsVisible = 0;
			defaultConfigurationName = Release;
		};
/* End XCConfigurationList section */
	};
	rootObject = 2CD0CD9E25DADDC900FCE33F /* Project object */;
}
